{
  "name": "@dilation-player/view",
  "version": "1.0.1",
  "lockfileVersion": 3,
  "requires": true,
  "packages": {
    "": {
      "name": "@dilation-player/view",
      "version": "1.0.1",
      "dependencies": {
        "@dilation-player/utils": "^1.0.1"
      },
      "devDependencies": {
        "typescript": "^5.0.4"
      }
    },
    "node_modules/@dilation-player/utils": {
      "version": "1.0.1",
      "resolved": "https://registry.npmjs.org/@dilation-player/utils/-/utils-1.0.1.tgz",
      "integrity": "sha512-mZmwt7YdfjhF25hRbBVCDbz11BPwWxkDb4xet6GVz5IKpHlA3DGOx5VZ4Rsga+oKPUhLJI8sa7zIJofwBiL0Tw=="
    },
    "node_modules/typescript": {
      "version": "5.0.4",
      "resolved": "https://registry.npmjs.org/typescript/-/typescript-5.0.4.tgz",
      "integrity": "sha512-cW9T5W9xY37cc+jfEnaUvX91foxtHkza3Nw3wkoF4sSlKn0MONdkdEndig/qPBWXNkmplh3NzayQzCiHM4/hqw==",
      "dev": true,
      "bin": {
        "tsc": "bin/tsc",
        "tsserver": "bin/tsserver"
      },
      "engines": {
        "node": ">=12.20"
      }
    }
  }
}
